
Microsoft Visual Studio Solution File, Format Version 11.00
# Visual Studio 2010
Project("{FAE04EC0-301F-11D3-BF4B-00C04F79EFBC}") = "API_2", "Assembly-CSharp-firstpass.csproj", "{3E6BA13D-8EE0-C5FA-B27D-4E814CBB05CC}"
EndProject
Project("{FAE04EC0-301F-11D3-BF4B-00C04F79EFBC}") = "API_2", "Assembly-CSharp.csproj", "{9E6F2409-42F2-458D-99AD-EE3303CB09B8}"
EndProject
Project("{FAE04EC0-301F-11D3-BF4B-00C04F79EFBC}") = "API_2", "Assembly-CSharp-Editor-firstpass.csproj", "{0380FD51-688C-30A5-B412-7EEF0A81F228}"
EndProject
Global
	GlobalSection(SolutionConfigurationPlatforms) = preSolution
		Debug|Any CPU = Debug|Any CPU
		Release|Any CPU = Release|Any CPU
	EndGlobalSection
	GlobalSection(ProjectConfigurationPlatforms) = postSolution
		{3E6BA13D-8EE0-C5FA-B27D-4E814CBB05CC}.Debug|Any CPU.ActiveCfg = Debug|Any CPU
		{3E6BA13D-8EE0-C5FA-B27D-4E814CBB05CC}.Debug|Any CPU.Build.0 = Debug|Any CPU
		{3E6BA13D-8EE0-C5FA-B27D-4E814CBB05CC}.Release|Any CPU.ActiveCfg = Release|Any CPU
		{3E6BA13D-8EE0-C5FA-B27D-4E814CBB05CC}.Release|Any CPU.Build.0 = Release|Any CPU
		{9E6F2409-42F2-458D-99AD-EE3303CB09B8}.Debug|Any CPU.ActiveCfg = Debug|Any CPU
		{9E6F2409-42F2-458D-99AD-EE3303CB09B8}.Debug|Any CPU.Build.0 = Debug|Any CPU
		{9E6F2409-42F2-458D-99AD-EE3303CB09B8}.Release|Any CPU.ActiveCfg = Release|Any CPU
		{9E6F2409-42F2-458D-99AD-EE3303CB09B8}.Release|Any CPU.Build.0 = Release|Any CPU
		{0380FD51-688C-30A5-B412-7EEF0A81F228}.Debug|Any CPU.ActiveCfg = Debug|Any CPU
		{0380FD51-688C-30A5-B412-7EEF0A81F228}.Debug|Any CPU.Build.0 = Debug|Any CPU
		{0380FD51-688C-30A5-B412-7EEF0A81F228}.Release|Any CPU.ActiveCfg = Release|Any CPU
		{0380FD51-688C-30A5-B412-7EEF0A81F228}.Release|Any CPU.Build.0 = Release|Any CPU
	EndGlobalSection
	GlobalSection(SolutionProperties) = preSolution
		HideSolutionNode = FALSE
	EndGlobalSection
	GlobalSection(MonoDevelopProperties) = preSolution
		StartupItem = Assembly-CSharp.csproj
	EndGlobalSection
EndGlobal
